// !$*UTF8*$!
{
	archiveVersion = 1;
	classes = {
	};
	objectVersion = 46;
	objects = {

/* Begin PBXBuildFile section */
		13591CD21DB6BBE60041F694 /* AppDelegate.swift in Sources */ = {isa = PBXBuildFile; fileRef = 13591CD11DB6BBE60041F694 /* AppDelegate.swift */; };
		13591CD91DB6BBE60041F694 /* Assets.xcassets in Resources */ = {isa = PBXBuildFile; fileRef = 13591CD81DB6BBE60041F694 /* Assets.xcassets */; };
		13591CDC1DB6BBE60041F694 /* LaunchScreen.storyboard in Resources */ = {isa = PBXBuildFile; fileRef = 13591CDA1DB6BBE60041F694 /* LaunchScreen.storyboard */; };
		13591CE41DB6BCAC0041F694 /* Register.storyboard in Resources */ = {isa = PBXBuildFile; fileRef = 13591CE31DB6BCAC0041F694 /* Register.storyboard */; };
		13591CE61DB6BCD80041F694 /* Login.storyboard in Resources */ = {isa = PBXBuildFile; fileRef = 13591CE51DB6BCD80041F694 /* Login.storyboard */; };
		13591CE81DB6BCEC0041F694 /* Profile.storyboard in Resources */ = {isa = PBXBuildFile; fileRef = 13591CE71DB6BCEC0041F694 /* Profile.storyboard */; };
		13591CEA1DB6BD100041F694 /* Chats.storyboard in Resources */ = {isa = PBXBuildFile; fileRef = 13591CE91DB6BD100041F694 /* Chats.storyboard */; };
		13591CEF1DB6BEBD0041F694 /* RegisterViewController.swift in Sources */ = {isa = PBXBuildFile; fileRef = 13591CEE1DB6BEBD0041F694 /* RegisterViewController.swift */; };
		13591CF11DB6CCA00041F694 /* String + Extension.swift in Sources */ = {isa = PBXBuildFile; fileRef = 13591CF01DB6CCA00041F694 /* String + Extension.swift */; };
		13591CF51DB6D5630041F694 /* RegisterCell.swift in Sources */ = {isa = PBXBuildFile; fileRef = 13591CF41DB6D5630041F694 /* RegisterCell.swift */; };
		13591CF71DB6DBA70041F694 /* OraAPIManager.swift in Sources */ = {isa = PBXBuildFile; fileRef = 13591CF61DB6DBA70041F694 /* OraAPIManager.swift */; };
		F2C7465BBE268E5654102949 /* Pods_OraCodeChallenge.framework in Frameworks */ = {isa = PBXBuildFile; fileRef = 330EE5EAC26DA8903C936AC8 /* Pods_OraCodeChallenge.framework */; };
/* End PBXBuildFile section */

/* Begin PBXFileReference section */
		13591CCE1DB6BBE60041F694 /* OraCodeChallenge.app */ = {isa = PBXFileReference; explicitFileType = wrapper.application; includeInIndex = 0; path = OraCodeChallenge.app; sourceTree = BUILT_PRODUCTS_DIR; };
		13591CD11DB6BBE60041F694 /* AppDelegate.swift */ = {isa = PBXFileReference; lastKnownFileType = sourcecode.swift; path = AppDelegate.swift; sourceTree = "<group>"; };
		13591CD81DB6BBE60041F694 /* Assets.xcassets */ = {isa = PBXFileReference; lastKnownFileType = folder.assetcatalog; path = Assets.xcassets; sourceTree = "<group>"; };
		13591CDB1DB6BBE60041F694 /* Base */ = {isa = PBXFileReference; lastKnownFileType = file.storyboard; name = Base; path = Base.lproj/LaunchScreen.storyboard; sourceTree = "<group>"; };
		13591CDD1DB6BBE60041F694 /* Info.plist */ = {isa = PBXFileReference; lastKnownFileType = text.plist.xml; path = Info.plist; sourceTree = "<group>"; };
		13591CE31DB6BCAC0041F694 /* Register.storyboard */ = {isa = PBXFileReference; fileEncoding = 4; lastKnownFileType = file.storyboard; path = Register.storyboard; sourceTree = "<group>"; };
		13591CE51DB6BCD80041F694 /* Login.storyboard */ = {isa = PBXFileReference; fileEncoding = 4; lastKnownFileType = file.storyboard; path = Login.storyboard; sourceTree = "<group>"; };
		13591CE71DB6BCEC0041F694 /* Profile.storyboard */ = {isa = PBXFileReference; fileEncoding = 4; lastKnownFileType = file.storyboard; path = Profile.storyboard; sourceTree = "<group>"; };
		13591CE91DB6BD100041F694 /* Chats.storyboard */ = {isa = PBXFileReference; fileEncoding = 4; lastKnownFileType = file.storyboard; path = Chats.storyboard; sourceTree = "<group>"; };
		13591CEE1DB6BEBD0041F694 /* RegisterViewController.swift */ = {isa = PBXFileReference; fileEncoding = 4; lastKnownFileType = sourcecode.swift; path = RegisterViewController.swift; sourceTree = "<group>"; };
		13591CF01DB6CCA00041F694 /* String + Extension.swift */ = {isa = PBXFileReference; fileEncoding = 4; lastKnownFileType = sourcecode.swift; path = "String + Extension.swift"; sourceTree = "<group>"; };
		13591CF41DB6D5630041F694 /* RegisterCell.swift */ = {isa = PBXFileReference; fileEncoding = 4; lastKnownFileType = sourcecode.swift; path = RegisterCell.swift; sourceTree = "<group>"; };
		13591CF61DB6DBA70041F694 /* OraAPIManager.swift */ = {isa = PBXFileReference; fileEncoding = 4; lastKnownFileType = sourcecode.swift; path = OraAPIManager.swift; sourceTree = "<group>"; };
		330EE5EAC26DA8903C936AC8 /* Pods_OraCodeChallenge.framework */ = {isa = PBXFileReference; explicitFileType = wrapper.framework; includeInIndex = 0; path = Pods_OraCodeChallenge.framework; sourceTree = BUILT_PRODUCTS_DIR; };
		A95F7D8B1493F46E25039FB2 /* Pods-OraCodeChallenge.debug.xcconfig */ = {isa = PBXFileReference; includeInIndex = 1; lastKnownFileType = text.xcconfig; name = "Pods-OraCodeChallenge.debug.xcconfig"; path = "Pods/Target Support Files/Pods-OraCodeChallenge/Pods-OraCodeChallenge.debug.xcconfig"; sourceTree = "<group>"; };
		B8B250DB3CC1ACB5E6116615 /* Pods-OraCodeChallenge.release.xcconfig */ = {isa = PBXFileReference; includeInIndex = 1; lastKnownFileType = text.xcconfig; name = "Pods-OraCodeChallenge.release.xcconfig"; path = "Pods/Target Support Files/Pods-OraCodeChallenge/Pods-OraCodeChallenge.release.xcconfig"; sourceTree = "<group>"; };
/* End PBXFileReference section */

/* Begin PBXFrameworksBuildPhase section */
		13591CCB1DB6BBE60041F694 /* Frameworks */ = {
			isa = PBXFrameworksBuildPhase;
			buildActionMask = 2147483647;
			files = (
				F2C7465BBE268E5654102949 /* Pods_OraCodeChallenge.framework in Frameworks */,
			);
			runOnlyForDeploymentPostprocessing = 0;
		};
/* End PBXFrameworksBuildPhase section */

/* Begin PBXGroup section */
		13591CC51DB6BBE50041F694 = {
			isa = PBXGroup;
			children = (
				13591CD01DB6BBE60041F694 /* OraCodeChallenge */,
				13591CCF1DB6BBE60041F694 /* Products */,
				BCDEA242ECBD58CDD9698969 /* Pods */,
				45D75827CE383F336F0182F2 /* Frameworks */,
			);
			sourceTree = "<group>";
		};
		13591CCF1DB6BBE60041F694 /* Products */ = {
			isa = PBXGroup;
			children = (
				13591CCE1DB6BBE60041F694 /* OraCodeChallenge.app */,
			);
			name = Products;
			sourceTree = "<group>";
		};
		13591CD01DB6BBE60041F694 /* OraCodeChallenge */ = {
			isa = PBXGroup;
			children = (
				13591CD11DB6BBE60041F694 /* AppDelegate.swift */,
				13591CF91DB6DBF10041F694 /* Managers */,
				13591CF81DB6DBDC0041F694 /* ViewControllers */,
				13591CF01DB6CCA00041F694 /* String + Extension.swift */,
				13591CF41DB6D5630041F694 /* RegisterCell.swift */,
				13591CEB1DB6BD1E0041F694 /* Storyboards */,
				13591CD81DB6BBE60041F694 /* Assets.xcassets */,
				13591CDA1DB6BBE60041F694 /* LaunchScreen.storyboard */,
				13591CDD1DB6BBE60041F694 /* Info.plist */,
			);
			path = OraCodeChallenge;
			sourceTree = "<group>";
		};
		13591CEB1DB6BD1E0041F694 /* Storyboards */ = {
			isa = PBXGroup;
			children = (
				13591CE31DB6BCAC0041F694 /* Register.storyboard */,
				13591CE51DB6BCD80041F694 /* Login.storyboard */,
				13591CE71DB6BCEC0041F694 /* Profile.storyboard */,
				13591CE91DB6BD100041F694 /* Chats.storyboard */,
			);
			name = Storyboards;
			sourceTree = "<group>";
		};
		13591CF81DB6DBDC0041F694 /* ViewControllers */ = {
			isa = PBXGroup;
			children = (
				13591CEE1DB6BEBD0041F694 /* RegisterViewController.swift */,
			);
			name = ViewControllers;
			sourceTree = "<group>";
		};
		13591CF91DB6DBF10041F694 /* Managers */ = {
			isa = PBXGroup;
			children = (
				13591CF61DB6DBA70041F694 /* OraAPIManager.swift */,
			);
			name = Managers;
			sourceTree = "<group>";
		};
		45D75827CE383F336F0182F2 /* Frameworks */ = {
			isa = PBXGroup;
			children = (
				330EE5EAC26DA8903C936AC8 /* Pods_OraCodeChallenge.framework */,
			);
			name = Frameworks;
			sourceTree = "<group>";
		};
		BCDEA242ECBD58CDD9698969 /* Pods */ = {
			isa = PBXGroup;
			children = (
				A95F7D8B1493F46E25039FB2 /* Pods-OraCodeChallenge.debug.xcconfig */,
				B8B250DB3CC1ACB5E6116615 /* Pods-OraCodeChallenge.release.xcconfig */,
			);
			name = Pods;
			sourceTree = "<group>";
		};
/* End PBXGroup section */

/* Begin PBXNativeTarget section */
		13591CCD1DB6BBE60041F694 /* OraCodeChallenge */ = {
			isa = PBXNativeTarget;
			buildConfigurationList = 13591CE01DB6BBE60041F694 /* Build configuration list for PBXNativeTarget "OraCodeChallenge" */;
			buildPhases = (
				39EE51D69D00567F257B9777 /* [CP] Check Pods Manifest.lock */,
				13591CCA1DB6BBE60041F694 /* Sources */,
				13591CCB1DB6BBE60041F694 /* Frameworks */,
				13591CCC1DB6BBE60041F694 /* Resources */,
				08D1F89765FB14CBA44B5014 /* [CP] Embed Pods Frameworks */,
				E8D1C909C815CE64D1B043DA /* [CP] Copy Pods Resources */,
			);
			buildRules = (
			);
			dependencies = (
			);
			name = OraCodeChallenge;
			productName = OraCodeChallenge;
			productReference = 13591CCE1DB6BBE60041F694 /* OraCodeChallenge.app */;
			productType = "com.apple.product-type.application";
		};
/* End PBXNativeTarget section */

/* Begin PBXProject section */
		13591CC61DB6BBE50041F694 /* Project object */ = {
			isa = PBXProject;
			attributes = {
				LastSwiftUpdateCheck = 0800;
				LastUpgradeCheck = 0800;
				ORGANIZATIONNAME = "Jon Jones";
				TargetAttributes = {
					13591CCD1DB6BBE60041F694 = {
						CreatedOnToolsVersion = 8.0;
						DevelopmentTeam = B49K2M3VK9;
						ProvisioningStyle = Automatic;
					};
				};
			};
			buildConfigurationList = 13591CC91DB6BBE50041F694 /* Build configuration list for PBXProject "OraCodeChallenge" */;
			compatibilityVersion = "Xcode 3.2";
			developmentRegion = English;
			hasScannedForEncodings = 0;
			knownRegions = (
				en,
				Base,
			);
			mainGroup = 13591CC51DB6BBE50041F694;
			productRefGroup = 13591CCF1DB6BBE60041F694 /* Products */;
			projectDirPath = "";
			projectRoot = "";
			targets = (
				13591CCD1DB6BBE60041F694 /* OraCodeChallenge */,
			);
		};
/* End PBXProject section */

/* Begin PBXResourcesBuildPhase section */
		13591CCC1DB6BBE60041F694 /* Resources */ = {
			isa = PBXResourcesBuildPhase;
			buildActionMask = 2147483647;
			files = (
				13591CEA1DB6BD100041F694 /* Chats.storyboard in Resources */,
				13591CE61DB6BCD80041F694 /* Login.storyboard in Resources */,
				13591CDC1DB6BBE60041F694 /* LaunchScreen.storyboard in Resources */,
				13591CE81DB6BCEC0041F694 /* Profile.storyboard in Resources */,
				13591CD91DB6BBE60041F694 /* Assets.xcassets in Resources */,
				13591CE41DB6BCAC0041F694 /* Register.storyboard in Resources */,
			);
			runOnlyForDeploymentPostprocessing = 0;
		};
/* End PBXResourcesBuildPhase section */

/* Begin PBXShellScriptBuildPhase section */
		08D1F89765FB14CBA44B5014 /* [CP] Embed Pods Frameworks */ = {
			isa = PBXShellScriptBuildPhase;
			buildActionMask = 2147483647;
			files = (
			);
			inputPaths = (
			);
			name = "[CP] Embed Pods Frameworks";
			outputPaths = (
			);
			runOnlyForDeploymentPostprocessing = 0;
			shellPath = /bin/sh;
			shellScript = "\"${SRCROOT}/Pods/Target Support Files/Pods-OraCodeChallenge/Pods-OraCodeChallenge-frameworks.sh\"\n";
			showEnvVarsInLog = 0;
		};
		39EE51D69D00567F257B9777 /* [CP] Check Pods Manifest.lock */ = {
			isa = PBXShellScriptBuildPhase;
			buildActionMask = 2147483647;
			files = (
			);
			inputPaths = (
			);
			name = "[CP] Check Pods Manifest.lock";
			outputPaths = (
			);
			runOnlyForDeploymentPostprocessing = 0;
			shellPath = /bin/sh;
			shellScript = "diff \"${PODS_ROOT}/../Podfile.lock\" \"${PODS_ROOT}/Manifest.lock\" > /dev/null\nif [ $? != 0 ] ; then\n    # print error to STDERR\n    echo \"error: The sandbox is not in sync with the Podfile.lock. Run 'pod install' or update your CocoaPods installation.\" >&2\n    exit 1\nfi\n";
			showEnvVarsInLog = 0;
		};
		E8D1C909C815CE64D1B043DA /* [CP] Copy Pods Resources */ = {
			isa = PBXShellScriptBuildPhase;
			buildActionMask = 2147483647;
			files = (
			);
			inputPaths = (
			);
			name = "[CP] Copy Pods Resources";
			outputPaths = (
			);
			runOnlyForDeploymentPostprocessing = 0;
			shellPath = /bin/sh;
			shellScript = "\"${SRCROOT}/Pods/Target Support Files/Pods-OraCodeChallenge/Pods-OraCodeChallenge-resources.sh\"\n";
			showEnvVarsInLog = 0;
		};
/* End PBXShellScriptBuildPhase section */

/* Begin PBXSourcesBuildPhase section */
		13591CCA1DB6BBE60041F694 /* Sources */ = {
			isa = PBXSourcesBuildPhase;
			buildActionMask = 2147483647;
			files = (
				13591CEF1DB6BEBD0041F694 /* RegisterViewController.swift in Sources */,
				13591CD21DB6BBE60041F694 /* AppDelegate.swift in Sources */,
				13591CF51DB6D5630041F694 /* RegisterCell.swift in Sources */,
				13591CF71DB6DBA70041F694 /* OraAPIManager.swift in Sources */,
				13591CF11DB6CCA00041F694 /* String + Extension.swift in Sources */,
			);
			runOnlyForDeploymentPostprocessing = 0;
		};
/* End PBXSourcesBuildPhase section */

/* Begin PBXVariantGroup section */
		13591CDA1DB6BBE60041F694 /* LaunchScreen.storyboard */ = {
			isa = PBXVariantGroup;
			children = (
				13591CDB1DB6BBE60041F694 /* Base */,
			);
			name = LaunchScreen.storyboard;
			sourceTree = "<group>";
		};
/* End PBXVariantGroup section */

/* Begin XCBuildConfiguration section */
		13591CDE1DB6BBE60041F694 /* Debug */ = {
			isa = XCBuildConfiguration;
			buildSettings = {
				ALWAYS_SEARCH_USER_PATHS = NO;
				CLANG_ANALYZER_NONNULL = YES;
				CLANG_CXX_LANGUAGE_STANDARD = "gnu++0x";
				CLANG_CXX_LIBRARY = "libc++";
				CLANG_ENABLE_MODULES = YES;
				CLANG_ENABLE_OBJC_ARC = YES;
				CLANG_WARN_BOOL_CONVERSION = YES;
				CLANG_WARN_CONSTANT_CONVERSION = YES;
				CLANG_WARN_DIRECT_OBJC_ISA_USAGE = YES_ERROR;
				CLANG_WARN_DOCUMENTATION_COMMENTS = YES;
				CLANG_WARN_EMPTY_BODY = YES;
				CLANG_WARN_ENUM_CONVERSION = YES;
				CLANG_WARN_INFINITE_RECURSION = YES;
				CLANG_WARN_INT_CONVERSION = YES;
				CLANG_WARN_OBJC_ROOT_CLASS = YES_ERROR;
				CLANG_WARN_SUSPICIOUS_MOVE = YES;
				CLANG_WARN_SUSPICIOUS_MOVES = YES;
				CLANG_WARN_UNREACHABLE_CODE = YES;
				CLANG_WARN__DUPLICATE_METHOD_MATCH = YES;
				"CODE_SIGN_IDENTITY[sdk=iphoneos*]" = "iPhone Developer";
				COPY_PHASE_STRIP = NO;
				DEBUG_INFORMATION_FORMAT = dwarf;
				ENABLE_STRICT_OBJC_MSGSEND = YES;
				ENABLE_TESTABILITY = YES;
				GCC_C_LANGUAGE_STANDARD = gnu99;
				GCC_DYNAMIC_NO_PIC = NO;
				GCC_NO_COMMON_BLOCKS = YES;
				GCC_OPTIMIZATION_LEVEL = 0;
				GCC_PREPROCESSOR_DEFINITIONS = (
					"DEBUG=1",
					"$(inherited)",
				);
				GCC_WARN_64_TO_32_BIT_CONVERSION = YES;
				GCC_WARN_ABOUT_RETURN_TYPE = YES_ERROR;
				GCC_WARN_UNDECLARED_SELECTOR = YES;
				GCC_WARN_UNINITIALIZED_AUTOS = YES_AGGRESSIVE;
				GCC_WARN_UNUSED_FUNCTION = YES;
				GCC_WARN_UNUSED_VARIABLE = YES;
				IPHONEOS_DEPLOYMENT_TARGET = 10.0;
				MTL_ENABLE_DEBUG_INFO = YES;
				ONLY_ACTIVE_ARCH = YES;
				SDKROOT = iphoneos;
				SWIFT_ACTIVE_COMPILATION_CONDITIONS = DEBUG;
				SWIFT_OPTIMIZATION_LEVEL = "-Onone";
			};
			name = Debug;
		};
		13591CDF1DB6BBE60041F694 /* Release */ = {
			isa = XCBuildConfiguration;
			buildSettings = {
				ALWAYS_SEARCH_USER_PATHS = NO;
				CLANG_ANALYZER_NONNULL = YES;
				CLANG_CXX_LANGUAGE_STANDARD = "gnu++0x";
				CLANG_CXX_LIBRARY = "libc++";
				CLANG_ENABLE_MODULES = YES;
				CLANG_ENABLE_OBJC_ARC = YES;
				CLANG_WARN_BOOL_CONVERSION = YES;
				CLANG_WARN_CONSTANT_CONVERSION = YES;
				CLANG_WARN_DIRECT_OBJC_ISA_USAGE = YES_ERROR;
				CLANG_WARN_DOCUMENTATION_COMMENTS = YES;
				CLANG_WARN_EMPTY_BODY = YES;
				CLANG_WARN_ENUM_CONVERSION = YES;
				CLANG_WARN_INFINITE_RECURSION = YES;
				CLANG_WARN_INT_CONVERSION = YES;
				CLANG_WARN_OBJC_ROOT_CLASS = YES_ERROR;
				CLANG_WARN_SUSPICIOUS_MOVE = YES;
				CLANG_WARN_SUSPICIOUS_MOVES = YES;
				CLANG_WARN_UNREACHABLE_CODE = YES;
				CLANG_WARN__DUPLICATE_METHOD_MATCH = YES;
				"CODE_SIGN_IDENTITY[sdk=iphoneos*]" = "iPhone Developer";
				COPY_PHASE_STRIP = NO;
				DEBUG_INFORMATION_FORMAT = "dwarf-with-dsym";
				ENABLE_NS_ASSERTIONS = NO;
				ENABLE_STRICT_OBJC_MSGSEND = YES;
				GCC_C_LANGUAGE_STANDARD = gnu99;
				GCC_NO_COMMON_BLOCKS = YES;
				GCC_WARN_64_TO_32_BIT_CONVERSION = YES;
				GCC_WARN_ABOUT_RETURN_TYPE = YES_ERROR;
				GCC_WARN_UNDECLARED_SELECTOR = YES;
				GCC_WARN_UNINITIALIZED_AUTOS = YES_AGGRESSIVE;
				GCC_WARN_UNUSED_FUNCTION = YES;
				GCC_WARN_UNUSED_VARIABLE = YES;
				IPHONEOS_DEPLOYMENT_TARGET = 10.0;
				MTL_ENABLE_DEBUG_INFO = NO;
				SDKROOT = iphoneos;
				SWIFT_OPTIMIZATION_LEVEL = "-Owholemodule";
				VALIDATE_PRODUCT = YES;
			};
			name = Release;
		};
		13591CE11DB6BBE60041F694 /* Debug */ = {
			isa = XCBuildConfiguration;
			baseConfigurationReference = A95F7D8B1493F46E25039FB2 /* Pods-OraCodeChallenge.debug.xcconfig */;
			buildSettings = {
				ASSETCATALOG_COMPILER_APPICON_NAME = AppIcon;
				DEVELOPMENT_TEAM = B49K2M3VK9;
				INFOPLIST_FILE = OraCodeChallenge/Info.plist;
				LD_RUNPATH_SEARCH_PATHS = "$(inherited) @executable_path/Frameworks";
				PRODUCT_BUNDLE_IDENTIFIER = JPJ.OraCodeChallenge;
				PRODUCT_NAME = "$(TARGET_NAME)";
				SWIFT_VERSION = 3.0;
			};
			name = Debug;
		};
		13591CE21DB6BBE60041F694 /* Release */ = {
			isa = XCBuildConfiguration;
			baseConfigurationReference = B8B250DB3CC1ACB5E6116615 /* Pods-OraCodeChallenge.release.xcconfig */;
			buildSettings = {
				ASSETCATALOG_COMPILER_APPICON_NAME = AppIcon;
				DEVELOPMENT_TEAM = B49K2M3VK9;
				INFOPLIST_FILE = OraCodeChallenge/Info.plist;
				LD_RUNPATH_SEARCH_PATHS = "$(inherited) @executable_path/Frameworks";
				PRODUCT_BUNDLE_IDENTIFIER = JPJ.OraCodeChallenge;
				PRODUCT_NAME = "$(TARGET_NAME)";
				SWIFT_VERSION = 3.0;
			};
			name = Release;
		};
/* End XCBuildConfiguration section */

/* Begin XCConfigurationList section */
		13591CC91DB6BBE50041F694 /* Build configuration list for PBXProject "OraCodeChallenge" */ = {
			isa = XCConfigurationList;
			buildConfigurations = (
				13591CDE1DB6BBE60041F694 /* Debug */,
				13591CDF1DB6BBE60041F694 /* Release */,
			);
			defaultConfigurationIsVisible = 0;
			defaultConfigurationName = Release;
		};
		13591CE01DB6BBE60041F694 /* Build configuration list for PBXNativeTarget "OraCodeChallenge" */ = {
			isa = XCConfigurationList;
			buildConfigurations = (
				13591CE11DB6BBE60041F694 /* Debug */,
				13591CE21DB6BBE60041F694 /* Release */,
			);
			defaultConfigurationIsVisible = 0;
			defaultConfigurationName = Release;
		};
/* End XCConfigurationList section */
	};
	rootObject = 13591CC61DB6BBE50041F694 /* Project object */;
}
